
Microsoft Visual Studio Solution File, Format Version 12.00
# Visual Studio Version 16
VisualStudioVersion = 16.0.31129.286
MinimumVisualStudioVersion = 10.0.40219.1
Project("{FAE04EC0-301F-11D3-BF4B-00C04F79EFBC}") = "TaskManagerCLI", "TaskManagerCLI\TaskManagerCLI.csproj", "{C34BB488-1269-4181-954D-F1EC41D48ED4}"
EndProject
Project("{FAE04EC0-301F-11D3-BF4B-00C04F79EFBC}") = "TaskManagerGUI", "TaskManagerGUI\TaskManagerGUI.csproj", "{B562B36B-B370-4E1A-8C9E-CC9EE7A11533}"
EndProject
Project("{FAE04EC0-301F-11D3-BF4B-00C04F79EFBC}") = "TaskManagerLibrary", "TaskManagerLibrary\TaskManagerLibrary.csproj", "{18D2A456-74D4-4691-B149-BFCE47842923}"
EndProject
Project("{FAE04EC0-301F-11D3-BF4B-00C04F79EFBC}") = "TaskManagerTests", "TaskManagerTests\TaskManagerTests.csproj", "{14E35D36-718C-488D-A01C-3AC634B33E06}"
EndProject
Global
	GlobalSection(SolutionConfigurationPlatforms) = preSolution
		Debug|Any CPU = Debug|Any CPU
		Release|Any CPU = Release|Any CPU
	EndGlobalSection
	GlobalSection(ProjectConfigurationPlatforms) = postSolution
		{C34BB488-1269-4181-954D-F1EC41D48ED4}.Debug|Any CPU.ActiveCfg = Debug|Any CPU
		{C34BB488-1269-4181-954D-F1EC41D48ED4}.Debug|Any CPU.Build.0 = Debug|Any CPU
		{C34BB488-1269-4181-954D-F1EC41D48ED4}.Release|Any CPU.ActiveCfg = Release|Any CPU
		{C34BB488-1269-4181-954D-F1EC41D48ED4}.Release|Any CPU.Build.0 = Release|Any CPU
		{B562B36B-B370-4E1A-8C9E-CC9EE7A11533}.Debug|Any CPU.ActiveCfg = Debug|Any CPU
		{B562B36B-B370-4E1A-8C9E-CC9EE7A11533}.Debug|Any CPU.Build.0 = Debug|Any CPU
		{B562B36B-B370-4E1A-8C9E-CC9EE7A11533}.Release|Any CPU.ActiveCfg = Release|Any CPU
		{B562B36B-B370-4E1A-8C9E-CC9EE7A11533}.Release|Any CPU.Build.0 = Release|Any CPU
		{18D2A456-74D4-4691-B149-BFCE47842923}.Debug|Any CPU.ActiveCfg = Debug|Any CPU
		{18D2A456-74D4-4691-B149-BFCE47842923}.Debug|Any CPU.Build.0 = Debug|Any CPU
		{18D2A456-74D4-4691-B149-BFCE47842923}.Release|Any CPU.ActiveCfg = Release|Any CPU
		{18D2A456-74D4-4691-B149-BFCE47842923}.Release|Any CPU.Build.0 = Release|Any CPU
		{14E35D36-718C-488D-A01C-3AC634B33E06}.Debug|Any CPU.ActiveCfg = Debug|Any CPU
		{14E35D36-718C-488D-A01C-3AC634B33E06}.Debug|Any CPU.Build.0 = Debug|Any CPU
		{14E35D36-718C-488D-A01C-3AC634B33E06}.Release|Any CPU.ActiveCfg = Release|Any CPU
		{14E35D36-718C-488D-A01C-3AC634B33E06}.Release|Any CPU.Build.0 = Release|Any CPU
	EndGlobalSection
	GlobalSection(SolutionProperties) = preSolution
		HideSolutionNode = FALSE
	EndGlobalSection
	GlobalSection(ExtensibilityGlobals) = postSolution
		SolutionGuid = {5974D257-9314-4A32-8CD2-619AA488FD3A}
	EndGlobalSection
EndGlobal
